
Microsoft Visual Studio Solution File, Format Version 12.00
# Visual Studio Version 16
VisualStudioVersion = 16.0.30523.141
MinimumVisualStudioVersion = 10.0.40219.1
Project("{9A19103F-16F7-4668-BE54-9A1E7A4F7556}") = "KYLib", "KYLib\KYLib.csproj", "{1FD63301-2D27-4369-B98E-EFF91804339A}"
EndProject
Project("{9A19103F-16F7-4668-BE54-9A1E7A4F7556}") = "KYLib.Example", "KYLib.Example\KYLib.Example.csproj", "{B5B64335-4B54-42A7-93EC-40D3EA78B936}"
EndProject
Project("{FAE04EC0-301F-11D3-BF4B-00C04F79EFBC}") = "KYLib.Forms", "KYLib.Forms\KYLib.Forms.csproj", "{E44A2153-9C92-46C0-B96F-97E4B1D9B860}"
EndProject
Global
	GlobalSection(SolutionConfigurationPlatforms) = preSolution
		Debug|Any CPU = Debug|Any CPU
		Release|Any CPU = Release|Any CPU
	EndGlobalSection
	GlobalSection(ProjectConfigurationPlatforms) = postSolution
		{1FD63301-2D27-4369-B98E-EFF91804339A}.Debug|Any CPU.ActiveCfg = Debug|Any CPU
		{1FD63301-2D27-4369-B98E-EFF91804339A}.Debug|Any CPU.Build.0 = Debug|Any CPU
		{1FD63301-2D27-4369-B98E-EFF91804339A}.Release|Any CPU.ActiveCfg = Release|Any CPU
		{1FD63301-2D27-4369-B98E-EFF91804339A}.Release|Any CPU.Build.0 = Release|Any CPU
		{B5B64335-4B54-42A7-93EC-40D3EA78B936}.Debug|Any CPU.ActiveCfg = Debug|Any CPU
		{B5B64335-4B54-42A7-93EC-40D3EA78B936}.Debug|Any CPU.Build.0 = Debug|Any CPU
		{B5B64335-4B54-42A7-93EC-40D3EA78B936}.Release|Any CPU.ActiveCfg = Release|Any CPU
		{B5B64335-4B54-42A7-93EC-40D3EA78B936}.Release|Any CPU.Build.0 = Release|Any CPU
		{E44A2153-9C92-46C0-B96F-97E4B1D9B860}.Debug|Any CPU.ActiveCfg = Debug|Any CPU
		{E44A2153-9C92-46C0-B96F-97E4B1D9B860}.Debug|Any CPU.Build.0 = Debug|Any CPU
		{E44A2153-9C92-46C0-B96F-97E4B1D9B860}.Release|Any CPU.ActiveCfg = Release|Any CPU
		{E44A2153-9C92-46C0-B96F-97E4B1D9B860}.Release|Any CPU.Build.0 = Release|Any CPU
	EndGlobalSection
	GlobalSection(SolutionProperties) = preSolution
		HideSolutionNode = FALSE
	EndGlobalSection
	GlobalSection(ExtensibilityGlobals) = postSolution
		SolutionGuid = {6A742B21-5260-44FF-BAF5-6708B341ACD6}
	EndGlobalSection
EndGlobal
